
Microsoft Visual Studio Solution File, Format Version 12.00
# Visual Studio 15
Project("{FAE04EC0-301F-11D3-BF4B-00C04F79EFBC}") = "NRSDK", "NRSDK.csproj", "{53F791C6-46B5-A7D6-4CAE-43F5A3607308}"
EndProject
Project("{FAE04EC0-301F-11D3-BF4B-00C04F79EFBC}") = "Assembly-CSharp", "Assembly-CSharp.csproj", "{DE1937DC-D05C-F555-7402-A6E18746B856}"
EndProject
Project("{FAE04EC0-301F-11D3-BF4B-00C04F79EFBC}") = "NRSDKEditor", "NRSDKEditor.csproj", "{D0C57A4E-B362-DDA4-5F1B-40E0511E061D}"
EndProject
Global
	GlobalSection(SolutionConfigurationPlatforms) = preSolution
		Debug|Any CPU = Debug|Any CPU
		Release|Any CPU = Release|Any CPU
	EndGlobalSection
	GlobalSection(ProjectConfigurationPlatforms) = postSolution
		{53F791C6-46B5-A7D6-4CAE-43F5A3607308}.Debug|Any CPU.ActiveCfg = Debug|Any CPU
		{53F791C6-46B5-A7D6-4CAE-43F5A3607308}.Debug|Any CPU.Build.0 = Debug|Any CPU
		{53F791C6-46B5-A7D6-4CAE-43F5A3607308}.Release|Any CPU.ActiveCfg = Release|Any CPU
		{53F791C6-46B5-A7D6-4CAE-43F5A3607308}.Release|Any CPU.Build.0 = Release|Any CPU
		{DE1937DC-D05C-F555-7402-A6E18746B856}.Debug|Any CPU.ActiveCfg = Debug|Any CPU
		{DE1937DC-D05C-F555-7402-A6E18746B856}.Debug|Any CPU.Build.0 = Debug|Any CPU
		{DE1937DC-D05C-F555-7402-A6E18746B856}.Release|Any CPU.ActiveCfg = Release|Any CPU
		{DE1937DC-D05C-F555-7402-A6E18746B856}.Release|Any CPU.Build.0 = Release|Any CPU
		{D0C57A4E-B362-DDA4-5F1B-40E0511E061D}.Debug|Any CPU.ActiveCfg = Debug|Any CPU
		{D0C57A4E-B362-DDA4-5F1B-40E0511E061D}.Debug|Any CPU.Build.0 = Debug|Any CPU
		{D0C57A4E-B362-DDA4-5F1B-40E0511E061D}.Release|Any CPU.ActiveCfg = Release|Any CPU
		{D0C57A4E-B362-DDA4-5F1B-40E0511E061D}.Release|Any CPU.Build.0 = Release|Any CPU
	EndGlobalSection
	GlobalSection(SolutionProperties) = preSolution
		HideSolutionNode = FALSE
	EndGlobalSection
EndGlobal
