
Microsoft Visual Studio Solution File, Format Version 12.00
# Visual Studio 15
Project("{FAE04EC0-301F-11D3-BF4B-00C04F79EFBC}") = "Assembly-CSharp", "Assembly-CSharp.csproj", "{DE1937DC-D05C-F555-7402-A6E18746B856}"
EndProject
Project("{FAE04EC0-301F-11D3-BF4B-00C04F79EFBC}") = "Unity.XR.Interaction.Toolkit.Samples.ARStarterAssets", "Unity.XR.Interaction.Toolkit.Samples.ARStarterAssets.csproj", "{8DD5D331-A179-8B60-6699-1B07D80B1489}"
EndProject
Project("{FAE04EC0-301F-11D3-BF4B-00C04F79EFBC}") = "Unity.XR.Interaction.Toolkit.Samples.StarterAssets", "Unity.XR.Interaction.Toolkit.Samples.StarterAssets.csproj", "{028CD06C-D61A-58A3-49AD-8591519FD59B}"
EndProject
Project("{FAE04EC0-301F-11D3-BF4B-00C04F79EFBC}") = "Unity.XR.Interaction.Toolkit.Samples.ARStarterAssets.Editor", "Unity.XR.Interaction.Toolkit.Samples.ARStarterAssets.Editor.csproj", "{55758B7C-7832-76CC-B346-D4B1D9947394}"
EndProject
Project("{FAE04EC0-301F-11D3-BF4B-00C04F79EFBC}") = "Unity.XR.Interaction.Toolkit.Samples.StarterAssets.Editor", "Unity.XR.Interaction.Toolkit.Samples.StarterAssets.Editor.csproj", "{55245078-7305-35DD-6979-F765829ED56F}"
EndProject
Global
	GlobalSection(SolutionConfigurationPlatforms) = preSolution
		Debug|Any CPU = Debug|Any CPU
		Release|Any CPU = Release|Any CPU
	EndGlobalSection
	GlobalSection(ProjectConfigurationPlatforms) = postSolution
		{DE1937DC-D05C-F555-7402-A6E18746B856}.Debug|Any CPU.ActiveCfg = Debug|Any CPU
		{DE1937DC-D05C-F555-7402-A6E18746B856}.Debug|Any CPU.Build.0 = Debug|Any CPU
		{DE1937DC-D05C-F555-7402-A6E18746B856}.Release|Any CPU.ActiveCfg = Release|Any CPU
		{DE1937DC-D05C-F555-7402-A6E18746B856}.Release|Any CPU.Build.0 = Release|Any CPU
		{8DD5D331-A179-8B60-6699-1B07D80B1489}.Debug|Any CPU.ActiveCfg = Debug|Any CPU
		{8DD5D331-A179-8B60-6699-1B07D80B1489}.Debug|Any CPU.Build.0 = Debug|Any CPU
		{8DD5D331-A179-8B60-6699-1B07D80B1489}.Release|Any CPU.ActiveCfg = Release|Any CPU
		{8DD5D331-A179-8B60-6699-1B07D80B1489}.Release|Any CPU.Build.0 = Release|Any CPU
		{028CD06C-D61A-58A3-49AD-8591519FD59B}.Debug|Any CPU.ActiveCfg = Debug|Any CPU
		{028CD06C-D61A-58A3-49AD-8591519FD59B}.Debug|Any CPU.Build.0 = Debug|Any CPU
		{028CD06C-D61A-58A3-49AD-8591519FD59B}.Release|Any CPU.ActiveCfg = Release|Any CPU
		{028CD06C-D61A-58A3-49AD-8591519FD59B}.Release|Any CPU.Build.0 = Release|Any CPU
		{55758B7C-7832-76CC-B346-D4B1D9947394}.Debug|Any CPU.ActiveCfg = Debug|Any CPU
		{55758B7C-7832-76CC-B346-D4B1D9947394}.Debug|Any CPU.Build.0 = Debug|Any CPU
		{55758B7C-7832-76CC-B346-D4B1D9947394}.Release|Any CPU.ActiveCfg = Release|Any CPU
		{55758B7C-7832-76CC-B346-D4B1D9947394}.Release|Any CPU.Build.0 = Release|Any CPU
		{55245078-7305-35DD-6979-F765829ED56F}.Debug|Any CPU.ActiveCfg = Debug|Any CPU
		{55245078-7305-35DD-6979-F765829ED56F}.Debug|Any CPU.Build.0 = Debug|Any CPU
		{55245078-7305-35DD-6979-F765829ED56F}.Release|Any CPU.ActiveCfg = Release|Any CPU
		{55245078-7305-35DD-6979-F765829ED56F}.Release|Any CPU.Build.0 = Release|Any CPU
	EndGlobalSection
	GlobalSection(SolutionProperties) = preSolution
		HideSolutionNode = FALSE
	EndGlobalSection
EndGlobal
